
Microsoft Visual Studio Solution File, Format Version 12.00
# Visual Studio Version 17
VisualStudioVersion = 17.1.32407.343
MinimumVisualStudioVersion = 10.0.40219.1
Project("{9A19103F-16F7-4668-BE54-9A1E7A4F7556}") = "Batalha Naval", "Prova854 - Batalha Naval - Marília Castro\Batalha Naval.csproj", "{B8EED22F-F5BD-4382-B088-99107D4A8B7D}"
EndProject
Project("{FAE04EC0-301F-11D3-BF4B-00C04F79EFBC}") = "testes", "testes\testes.csproj", "{008BE976-3539-4B9A-9D2B-280E7AA35A17}"
EndProject
Project("{FAE04EC0-301F-11D3-BF4B-00C04F79EFBC}") = "teste partes", "teste partes\teste partes.csproj", "{ACF6542D-2C9B-4528-9E0C-E42F376E1D22}"
EndProject
Global
	GlobalSection(SolutionConfigurationPlatforms) = preSolution
		Debug|Any CPU = Debug|Any CPU
		Release|Any CPU = Release|Any CPU
	EndGlobalSection
	GlobalSection(ProjectConfigurationPlatforms) = postSolution
		{B8EED22F-F5BD-4382-B088-99107D4A8B7D}.Debug|Any CPU.ActiveCfg = Debug|Any CPU
		{B8EED22F-F5BD-4382-B088-99107D4A8B7D}.Debug|Any CPU.Build.0 = Debug|Any CPU
		{B8EED22F-F5BD-4382-B088-99107D4A8B7D}.Release|Any CPU.ActiveCfg = Release|Any CPU
		{B8EED22F-F5BD-4382-B088-99107D4A8B7D}.Release|Any CPU.Build.0 = Release|Any CPU
		{008BE976-3539-4B9A-9D2B-280E7AA35A17}.Debug|Any CPU.ActiveCfg = Debug|Any CPU
		{008BE976-3539-4B9A-9D2B-280E7AA35A17}.Debug|Any CPU.Build.0 = Debug|Any CPU
		{008BE976-3539-4B9A-9D2B-280E7AA35A17}.Release|Any CPU.ActiveCfg = Release|Any CPU
		{008BE976-3539-4B9A-9D2B-280E7AA35A17}.Release|Any CPU.Build.0 = Release|Any CPU
		{ACF6542D-2C9B-4528-9E0C-E42F376E1D22}.Debug|Any CPU.ActiveCfg = Debug|Any CPU
		{ACF6542D-2C9B-4528-9E0C-E42F376E1D22}.Debug|Any CPU.Build.0 = Debug|Any CPU
		{ACF6542D-2C9B-4528-9E0C-E42F376E1D22}.Release|Any CPU.ActiveCfg = Release|Any CPU
		{ACF6542D-2C9B-4528-9E0C-E42F376E1D22}.Release|Any CPU.Build.0 = Release|Any CPU
	EndGlobalSection
	GlobalSection(SolutionProperties) = preSolution
		HideSolutionNode = FALSE
	EndGlobalSection
	GlobalSection(ExtensibilityGlobals) = postSolution
		SolutionGuid = {85DE35EC-8B02-47FC-8D59-4A56937A287F}
	EndGlobalSection
EndGlobal
